// !$*UTF8*$!
{
	archiveVersion = 1;
	classes = {
	};
	objectVersion = 77;
	objects = {

/* Begin PBXBuildFile section */
		7A13BF494B3A74EA79BFB479 /* Pods_Chatting.framework in Frameworks */ = {isa = PBXBuildFile; fileRef = 0ACBBD3B850AC719A0A47F1B /* Pods_Chatting.framework */; };
		9CD283D4BCF29D69498E77ED /* Pods_ChattingTests.framework in Frameworks */ = {isa = PBXBuildFile; fileRef = 45906BFD7F033A6273B0A167 /* Pods_ChattingTests.framework */; };
		AFA743A7AF3831BE917ACE6B /* Pods_Chatting_ChattingUITests.framework in Frameworks */ = {isa = PBXBuildFile; fileRef = 47DB6E667E3ABB29532D39DD /* Pods_Chatting_ChattingUITests.framework */; };
/* End PBXBuildFile section */

/* Begin PBXContainerItemProxy section */
		25A121872D59E62E00668A54 /* PBXContainerItemProxy */ = {
			isa = PBXContainerItemProxy;
			containerPortal = 25A121682D59E62D00668A54 /* Project object */;
			proxyType = 1;
			remoteGlobalIDString = 25A1216F2D59E62D00668A54;
			remoteInfo = Chatting;
		};
		25A121912D59E62E00668A54 /* PBXContainerItemProxy */ = {
			isa = PBXContainerItemProxy;
			containerPortal = 25A121682D59E62D00668A54 /* Project object */;
			proxyType = 1;
			remoteGlobalIDString = 25A1216F2D59E62D00668A54;
			remoteInfo = Chatting;
		};
/* End PBXContainerItemProxy section */

/* Begin PBXFileReference section */
		0ACBBD3B850AC719A0A47F1B /* Pods_Chatting.framework */ = {isa = PBXFileReference; explicitFileType = wrapper.framework; includeInIndex = 0; path = Pods_Chatting.framework; sourceTree = BUILT_PRODUCTS_DIR; };
		1F281252508C035514FBCA79 /* Pods-Chatting-ChattingUITests.debug.xcconfig */ = {isa = PBXFileReference; includeInIndex = 1; lastKnownFileType = text.xcconfig; name = "Pods-Chatting-ChattingUITests.debug.xcconfig"; path = "Target Support Files/Pods-Chatting-ChattingUITests/Pods-Chatting-ChattingUITests.debug.xcconfig"; sourceTree = "<group>"; };
		25A121702D59E62D00668A54 /* Chatting.app */ = {isa = PBXFileReference; explicitFileType = wrapper.application; includeInIndex = 0; path = Chatting.app; sourceTree = BUILT_PRODUCTS_DIR; };
		25A121862D59E62E00668A54 /* ChattingTests.xctest */ = {isa = PBXFileReference; explicitFileType = wrapper.cfbundle; includeInIndex = 0; path = ChattingTests.xctest; sourceTree = BUILT_PRODUCTS_DIR; };
		25A121902D59E62E00668A54 /* ChattingUITests.xctest */ = {isa = PBXFileReference; explicitFileType = wrapper.cfbundle; includeInIndex = 0; path = ChattingUITests.xctest; sourceTree = BUILT_PRODUCTS_DIR; };
		45906BFD7F033A6273B0A167 /* Pods_ChattingTests.framework */ = {isa = PBXFileReference; explicitFileType = wrapper.framework; includeInIndex = 0; path = Pods_ChattingTests.framework; sourceTree = BUILT_PRODUCTS_DIR; };
		47DB6E667E3ABB29532D39DD /* Pods_Chatting_ChattingUITests.framework */ = {isa = PBXFileReference; explicitFileType = wrapper.framework; includeInIndex = 0; path = Pods_Chatting_ChattingUITests.framework; sourceTree = BUILT_PRODUCTS_DIR; };
		9B568AE08ABF0BB2E341A824 /* Pods-ChattingTests.debug.xcconfig */ = {isa = PBXFileReference; includeInIndex = 1; lastKnownFileType = text.xcconfig; name = "Pods-ChattingTests.debug.xcconfig"; path = "Target Support Files/Pods-ChattingTests/Pods-ChattingTests.debug.xcconfig"; sourceTree = "<group>"; };
		A3DAF2AB2355B512ABBCB243 /* Pods-Chatting.debug.xcconfig */ = {isa = PBXFileReference; includeInIndex = 1; lastKnownFileType = text.xcconfig; name = "Pods-Chatting.debug.xcconfig"; path = "Target Support Files/Pods-Chatting/Pods-Chatting.debug.xcconfig"; sourceTree = "<group>"; };
		C7900C22390D8500B61A8AED /* Pods-Chatting.release.xcconfig */ = {isa = PBXFileReference; includeInIndex = 1; lastKnownFileType = text.xcconfig; name = "Pods-Chatting.release.xcconfig"; path = "Target Support Files/Pods-Chatting/Pods-Chatting.release.xcconfig"; sourceTree = "<group>"; };
		D44F60045995D53E495C5440 /* Pods-Chatting-ChattingUITests.release.xcconfig */ = {isa = PBXFileReference; includeInIndex = 1; lastKnownFileType = text.xcconfig; name = "Pods-Chatting-ChattingUITests.release.xcconfig"; path = "Target Support Files/Pods-Chatting-ChattingUITests/Pods-Chatting-ChattingUITests.release.xcconfig"; sourceTree = "<group>"; };
		F4DE1EE3AAF33D071F673957 /* Pods-ChattingTests.release.xcconfig */ = {isa = PBXFileReference; includeInIndex = 1; lastKnownFileType = text.xcconfig; name = "Pods-ChattingTests.release.xcconfig"; path = "Target Support Files/Pods-ChattingTests/Pods-ChattingTests.release.xcconfig"; sourceTree = "<group>"; };
/* End PBXFileReference section */

/* Begin PBXFileSystemSynchronizedBuildFileExceptionSet section */
		25A121982D59E62E00668A54 /* Exceptions for "Chatting" folder in "Chatting" target */ = {
			isa = PBXFileSystemSynchronizedBuildFileExceptionSet;
			membershipExceptions = (
				Info.plist,
			);
			target = 25A1216F2D59E62D00668A54 /* Chatting */;
		};
		25A121AC2D59E79600668A54 /* Exceptions for "Chatting" folder in "ChattingTests" target */ = {
			isa = PBXFileSystemSynchronizedBuildFileExceptionSet;
			membershipExceptions = (
				Common/CheckBox.swift,
				Common/Common.swift,
				Common/Extensions.swift,
				userjoin_personal_info.txt,
				userjoin_provision.txt,
				Views/Chatting/AddChatting/AddChattingCell.swift,
				Views/Chatting/AddChatting/AddChattingView.swift,
				Views/Chatting/ChattingList/ChattingListCell.swift,
				Views/Chatting/ChattingList/ChattingListTableView.swift,
				Views/Chatting/ChattingList/ChattingListView.swift,
				Views/Chatting/ChattingRoom/ChattingRoomView.swift,
				Views/Friends/Cell/BirthdayFriendCell.swift,
				Views/Friends/Cell/SearchFriendsCell.swift,
				Views/Friends/FriendListView.swift,
				Views/Friends/ProfileDetail.swift,
				Views/Friends/ProfileImageView.swift,
				Views/Friends/SearchFriendsView.swift,
				Views/Setting/SettingView.swift,
				Views/Sign/FindPwdView.swift,
				Views/Sign/SignIn/LoginView.swift,
				Views/Sign/SignUp/SignPrivacyPolicyDetailView.swift,
				Views/Sign/SignUp/SignPrivacyPolicyView.swift,
				Views/Sign/SignUp/SignUpProfileView.swift,
				Views/Sign/SignUp/SignUpView.swift,
			);
			target = 25A121852D59E62E00668A54 /* ChattingTests */;
		};
		25A121AD2D59E79600668A54 /* Exceptions for "Chatting" folder in "ChattingUITests" target */ = {
			isa = PBXFileSystemSynchronizedBuildFileExceptionSet;
			membershipExceptions = (
				Common/CheckBox.swift,
				Common/Common.swift,
				Common/Extensions.swift,
				userjoin_personal_info.txt,
				userjoin_provision.txt,
				Views/Chatting/AddChatting/AddChattingCell.swift,
				Views/Chatting/AddChatting/AddChattingView.swift,
				Views/Chatting/ChattingList/ChattingListCell.swift,
				Views/Chatting/ChattingList/ChattingListTableView.swift,
				Views/Chatting/ChattingList/ChattingListView.swift,
				Views/Chatting/ChattingRoom/ChattingRoomView.swift,
				Views/Friends/Cell/BirthdayFriendCell.swift,
				Views/Friends/Cell/SearchFriendsCell.swift,
				Views/Friends/FriendListView.swift,
				Views/Friends/ProfileDetail.swift,
				Views/Friends/ProfileImageView.swift,
				Views/Friends/SearchFriendsView.swift,
				Views/Setting/SettingView.swift,
				Views/Sign/FindPwdView.swift,
				Views/Sign/SignIn/LoginView.swift,
				Views/Sign/SignUp/SignPrivacyPolicyDetailView.swift,
				Views/Sign/SignUp/SignPrivacyPolicyView.swift,
				Views/Sign/SignUp/SignUpProfileView.swift,
				Views/Sign/SignUp/SignUpView.swift,
			);
			target = 25A1218F2D59E62E00668A54 /* ChattingUITests */;
		};
/* End PBXFileSystemSynchronizedBuildFileExceptionSet section */

/* Begin PBXFileSystemSynchronizedRootGroup section */
		25A121722D59E62D00668A54 /* Chatting */ = {
			isa = PBXFileSystemSynchronizedRootGroup;
			exceptions = (
				25A121982D59E62E00668A54 /* Exceptions for "Chatting" folder in "Chatting" target */,
				25A121AC2D59E79600668A54 /* Exceptions for "Chatting" folder in "ChattingTests" target */,
				25A121AD2D59E79600668A54 /* Exceptions for "Chatting" folder in "ChattingUITests" target */,
			);
			path = Chatting;
			sourceTree = "<group>";
		};
		25A121892D59E62E00668A54 /* ChattingTests */ = {
			isa = PBXFileSystemSynchronizedRootGroup;
			path = ChattingTests;
			sourceTree = "<group>";
		};
		25A121932D59E62E00668A54 /* ChattingUITests */ = {
			isa = PBXFileSystemSynchronizedRootGroup;
			path = ChattingUITests;
			sourceTree = "<group>";
		};
/* End PBXFileSystemSynchronizedRootGroup section */

/* Begin PBXFrameworksBuildPhase section */
		25A1216D2D59E62D00668A54 /* Frameworks */ = {
			isa = PBXFrameworksBuildPhase;
			buildActionMask = 2147483647;
			files = (
				7A13BF494B3A74EA79BFB479 /* Pods_Chatting.framework in Frameworks */,
			);
			runOnlyForDeploymentPostprocessing = 0;
		};
		25A121832D59E62E00668A54 /* Frameworks */ = {
			isa = PBXFrameworksBuildPhase;
			buildActionMask = 2147483647;
			files = (
				9CD283D4BCF29D69498E77ED /* Pods_ChattingTests.framework in Frameworks */,
			);
			runOnlyForDeploymentPostprocessing = 0;
		};
		25A1218D2D59E62E00668A54 /* Frameworks */ = {
			isa = PBXFrameworksBuildPhase;
			buildActionMask = 2147483647;
			files = (
				AFA743A7AF3831BE917ACE6B /* Pods_Chatting_ChattingUITests.framework in Frameworks */,
			);
			runOnlyForDeploymentPostprocessing = 0;
		};
/* End PBXFrameworksBuildPhase section */

/* Begin PBXGroup section */
		25A121672D59E62D00668A54 = {
			isa = PBXGroup;
			children = (
				25A121722D59E62D00668A54 /* Chatting */,
				25A121892D59E62E00668A54 /* ChattingTests */,
				25A121932D59E62E00668A54 /* ChattingUITests */,
				25A121712D59E62D00668A54 /* Products */,
				94DB52BB042D846FA918342E /* Pods */,
				368EE9795E9DF221ECA86B92 /* Frameworks */,
			);
			sourceTree = "<group>";
		};
		25A121712D59E62D00668A54 /* Products */ = {
			isa = PBXGroup;
			children = (
				25A121702D59E62D00668A54 /* Chatting.app */,
				25A121862D59E62E00668A54 /* ChattingTests.xctest */,
				25A121902D59E62E00668A54 /* ChattingUITests.xctest */,
			);
			name = Products;
			sourceTree = "<group>";
		};
		368EE9795E9DF221ECA86B92 /* Frameworks */ = {
			isa = PBXGroup;
			children = (
				0ACBBD3B850AC719A0A47F1B /* Pods_Chatting.framework */,
				47DB6E667E3ABB29532D39DD /* Pods_Chatting_ChattingUITests.framework */,
				45906BFD7F033A6273B0A167 /* Pods_ChattingTests.framework */,
			);
			name = Frameworks;
			sourceTree = "<group>";
		};
		94DB52BB042D846FA918342E /* Pods */ = {
			isa = PBXGroup;
			children = (
				A3DAF2AB2355B512ABBCB243 /* Pods-Chatting.debug.xcconfig */,
				C7900C22390D8500B61A8AED /* Pods-Chatting.release.xcconfig */,
				1F281252508C035514FBCA79 /* Pods-Chatting-ChattingUITests.debug.xcconfig */,
				D44F60045995D53E495C5440 /* Pods-Chatting-ChattingUITests.release.xcconfig */,
				9B568AE08ABF0BB2E341A824 /* Pods-ChattingTests.debug.xcconfig */,
				F4DE1EE3AAF33D071F673957 /* Pods-ChattingTests.release.xcconfig */,
			);
			path = Pods;
			sourceTree = "<group>";
		};
/* End PBXGroup section */

/* Begin PBXNativeTarget section */
		25A1216F2D59E62D00668A54 /* Chatting */ = {
			isa = PBXNativeTarget;
			buildConfigurationList = 25A121992D59E62E00668A54 /* Build configuration list for PBXNativeTarget "Chatting" */;
			buildPhases = (
				915A49EB50A5E4A6DA2BF77D /* [CP] Check Pods Manifest.lock */,
				25A1216C2D59E62D00668A54 /* Sources */,
				25A1216D2D59E62D00668A54 /* Frameworks */,
				25A1216E2D59E62D00668A54 /* Resources */,
				333A5DAE64CF54B67D0A5379 /* [CP] Embed Pods Frameworks */,
				7C9FED8778D6C29C789BEDEC /* [CP] Copy Pods Resources */,
			);
			buildRules = (
			);
			dependencies = (
			);
			fileSystemSynchronizedGroups = (
				25A121722D59E62D00668A54 /* Chatting */,
			);
			name = Chatting;
			productName = Chatting;
			productReference = 25A121702D59E62D00668A54 /* Chatting.app */;
			productType = "com.apple.product-type.application";
		};
		25A121852D59E62E00668A54 /* ChattingTests */ = {
			isa = PBXNativeTarget;
			buildConfigurationList = 25A1219E2D59E62E00668A54 /* Build configuration list for PBXNativeTarget "ChattingTests" */;
			buildPhases = (
				443D3A5680AA0488DBCE07F3 /* [CP] Check Pods Manifest.lock */,
				25A121822D59E62E00668A54 /* Sources */,
				25A121832D59E62E00668A54 /* Frameworks */,
				25A121842D59E62E00668A54 /* Resources */,
			);
			buildRules = (
			);
			dependencies = (
				25A121882D59E62E00668A54 /* PBXTargetDependency */,
			);
			fileSystemSynchronizedGroups = (
				25A121892D59E62E00668A54 /* ChattingTests */,
			);
			name = ChattingTests;
			productName = ChattingTests;
			productReference = 25A121862D59E62E00668A54 /* ChattingTests.xctest */;
			productType = "com.apple.product-type.bundle.unit-test";
		};
		25A1218F2D59E62E00668A54 /* ChattingUITests */ = {
			isa = PBXNativeTarget;
			buildConfigurationList = 25A121A12D59E62E00668A54 /* Build configuration list for PBXNativeTarget "ChattingUITests" */;
			buildPhases = (
				65C24FF4F47737185237BA2E /* [CP] Check Pods Manifest.lock */,
				25A1218C2D59E62E00668A54 /* Sources */,
				25A1218D2D59E62E00668A54 /* Frameworks */,
				25A1218E2D59E62E00668A54 /* Resources */,
				E528A070E73B59FE4B009DBF /* [CP] Embed Pods Frameworks */,
				97C1538EC0C38EC749C9CC56 /* [CP] Copy Pods Resources */,
			);
			buildRules = (
			);
			dependencies = (
				25A121922D59E62E00668A54 /* PBXTargetDependency */,
			);
			fileSystemSynchronizedGroups = (
				25A121932D59E62E00668A54 /* ChattingUITests */,
			);
			name = ChattingUITests;
			productName = ChattingUITests;
			productReference = 25A121902D59E62E00668A54 /* ChattingUITests.xctest */;
			productType = "com.apple.product-type.bundle.ui-testing";
		};
/* End PBXNativeTarget section */

/* Begin PBXProject section */
		25A121682D59E62D00668A54 /* Project object */ = {
			isa = PBXProject;
			attributes = {
				BuildIndependentTargetsInParallel = 1;
				LastSwiftUpdateCheck = 1620;
				LastUpgradeCheck = 1620;
				TargetAttributes = {
					25A1216F2D59E62D00668A54 = {
						CreatedOnToolsVersion = 16.2;
					};
					25A121852D59E62E00668A54 = {
						CreatedOnToolsVersion = 16.2;
						TestTargetID = 25A1216F2D59E62D00668A54;
					};
					25A1218F2D59E62E00668A54 = {
						CreatedOnToolsVersion = 16.2;
						TestTargetID = 25A1216F2D59E62D00668A54;
					};
				};
			};
			buildConfigurationList = 25A1216B2D59E62D00668A54 /* Build configuration list for PBXProject "Chatting" */;
			developmentRegion = en;
			hasScannedForEncodings = 0;
			knownRegions = (
				en,
				Base,
			);
			mainGroup = 25A121672D59E62D00668A54;
			minimizedProjectReferenceProxies = 1;
			preferredProjectObjectVersion = 77;
			productRefGroup = 25A121712D59E62D00668A54 /* Products */;
			projectDirPath = "";
			projectRoot = "";
			targets = (
				25A1216F2D59E62D00668A54 /* Chatting */,
				25A121852D59E62E00668A54 /* ChattingTests */,
				25A1218F2D59E62E00668A54 /* ChattingUITests */,
			);
		};
/* End PBXProject section */

/* Begin PBXResourcesBuildPhase section */
		25A1216E2D59E62D00668A54 /* Resources */ = {
			isa = PBXResourcesBuildPhase;
			buildActionMask = 2147483647;
			files = (
			);
			runOnlyForDeploymentPostprocessing = 0;
		};
		25A121842D59E62E00668A54 /* Resources */ = {
			isa = PBXResourcesBuildPhase;
			buildActionMask = 2147483647;
			files = (
			);
			runOnlyForDeploymentPostprocessing = 0;
		};
		25A1218E2D59E62E00668A54 /* Resources */ = {
			isa = PBXResourcesBuildPhase;
			buildActionMask = 2147483647;
			files = (
			);
			runOnlyForDeploymentPostprocessing = 0;
		};
/* End PBXResourcesBuildPhase section */

/* Begin PBXShellScriptBuildPhase section */
		333A5DAE64CF54B67D0A5379 /* [CP] Embed Pods Frameworks */ = {
			isa = PBXShellScriptBuildPhase;
			buildActionMask = 2147483647;
			files = (
			);
			inputFileListPaths = (
				"${PODS_ROOT}/Target Support Files/Pods-Chatting/Pods-Chatting-frameworks-${CONFIGURATION}-input-files.xcfilelist",
			);
			name = "[CP] Embed Pods Frameworks";
			outputFileListPaths = (
				"${PODS_ROOT}/Target Support Files/Pods-Chatting/Pods-Chatting-frameworks-${CONFIGURATION}-output-files.xcfilelist",
			);
			runOnlyForDeploymentPostprocessing = 0;
			shellPath = /bin/sh;
			shellScript = "\"${PODS_ROOT}/Target Support Files/Pods-Chatting/Pods-Chatting-frameworks.sh\"\n";
			showEnvVarsInLog = 0;
		};
		443D3A5680AA0488DBCE07F3 /* [CP] Check Pods Manifest.lock */ = {
			isa = PBXShellScriptBuildPhase;
			buildActionMask = 2147483647;
			files = (
			);
			inputFileListPaths = (
			);
			inputPaths = (
				"${PODS_PODFILE_DIR_PATH}/Podfile.lock",
				"${PODS_ROOT}/Manifest.lock",
			);
			name = "[CP] Check Pods Manifest.lock";
			outputFileListPaths = (
			);
			outputPaths = (
				"$(DERIVED_FILE_DIR)/Pods-ChattingTests-checkManifestLockResult.txt",
			);
			runOnlyForDeploymentPostprocessing = 0;
			shellPath = /bin/sh;
			shellScript = "diff \"${PODS_PODFILE_DIR_PATH}/Podfile.lock\" \"${PODS_ROOT}/Manifest.lock\" > /dev/null\nif [ $? != 0 ] ; then\n    # print error to STDERR\n    echo \"error: The sandbox is not in sync with the Podfile.lock. Run 'pod install' or update your CocoaPods installation.\" >&2\n    exit 1\nfi\n# This output is used by Xcode 'outputs' to avoid re-running this script phase.\necho \"SUCCESS\" > \"${SCRIPT_OUTPUT_FILE_0}\"\n";
			showEnvVarsInLog = 0;
		};
		65C24FF4F47737185237BA2E /* [CP] Check Pods Manifest.lock */ = {
			isa = PBXShellScriptBuildPhase;
			buildActionMask = 2147483647;
			files = (
			);
			inputFileListPaths = (
			);
			inputPaths = (
				"${PODS_PODFILE_DIR_PATH}/Podfile.lock",
				"${PODS_ROOT}/Manifest.lock",
			);
			name = "[CP] Check Pods Manifest.lock";
			outputFileListPaths = (
			);
			outputPaths = (
				"$(DERIVED_FILE_DIR)/Pods-Chatting-ChattingUITests-checkManifestLockResult.txt",
			);
			runOnlyForDeploymentPostprocessing = 0;
			shellPath = /bin/sh;
			shellScript = "diff \"${PODS_PODFILE_DIR_PATH}/Podfile.lock\" \"${PODS_ROOT}/Manifest.lock\" > /dev/null\nif [ $? != 0 ] ; then\n    # print error to STDERR\n    echo \"error: The sandbox is not in sync with the Podfile.lock. Run 'pod install' or update your CocoaPods installation.\" >&2\n    exit 1\nfi\n# This output is used by Xcode 'outputs' to avoid re-running this script phase.\necho \"SUCCESS\" > \"${SCRIPT_OUTPUT_FILE_0}\"\n";
			showEnvVarsInLog = 0;
		};
		7C9FED8778D6C29C789BEDEC /* [CP] Copy Pods Resources */ = {
			isa = PBXShellScriptBuildPhase;
			buildActionMask = 2147483647;
			files = (
			);
			inputFileListPaths = (
				"${PODS_ROOT}/Target Support Files/Pods-Chatting/Pods-Chatting-resources-${CONFIGURATION}-input-files.xcfilelist",
			);
			name = "[CP] Copy Pods Resources";
			outputFileListPaths = (
				"${PODS_ROOT}/Target Support Files/Pods-Chatting/Pods-Chatting-resources-${CONFIGURATION}-output-files.xcfilelist",
			);
			runOnlyForDeploymentPostprocessing = 0;
			shellPath = /bin/sh;
			shellScript = "\"${PODS_ROOT}/Target Support Files/Pods-Chatting/Pods-Chatting-resources.sh\"\n";
			showEnvVarsInLog = 0;
		};
		915A49EB50A5E4A6DA2BF77D /* [CP] Check Pods Manifest.lock */ = {
			isa = PBXShellScriptBuildPhase;
			buildActionMask = 2147483647;
			files = (
			);
			inputFileListPaths = (
			);
			inputPaths = (
				"${PODS_PODFILE_DIR_PATH}/Podfile.lock",
				"${PODS_ROOT}/Manifest.lock",
			);
			name = "[CP] Check Pods Manifest.lock";
			outputFileListPaths = (
			);
			outputPaths = (
				"$(DERIVED_FILE_DIR)/Pods-Chatting-checkManifestLockResult.txt",
			);
			runOnlyForDeploymentPostprocessing = 0;
			shellPath = /bin/sh;
			shellScript = "diff \"${PODS_PODFILE_DIR_PATH}/Podfile.lock\" \"${PODS_ROOT}/Manifest.lock\" > /dev/null\nif [ $? != 0 ] ; then\n    # print error to STDERR\n    echo \"error: The sandbox is not in sync with the Podfile.lock. Run 'pod install' or update your CocoaPods installation.\" >&2\n    exit 1\nfi\n# This output is used by Xcode 'outputs' to avoid re-running this script phase.\necho \"SUCCESS\" > \"${SCRIPT_OUTPUT_FILE_0}\"\n";
			showEnvVarsInLog = 0;
		};
		97C1538EC0C38EC749C9CC56 /* [CP] Copy Pods Resources */ = {
			isa = PBXShellScriptBuildPhase;
			buildActionMask = 2147483647;
			files = (
			);
			inputFileListPaths = (
				"${PODS_ROOT}/Target Support Files/Pods-Chatting-ChattingUITests/Pods-Chatting-ChattingUITests-resources-${CONFIGURATION}-input-files.xcfilelist",
			);
			name = "[CP] Copy Pods Resources";
			outputFileListPaths = (
				"${PODS_ROOT}/Target Support Files/Pods-Chatting-ChattingUITests/Pods-Chatting-ChattingUITests-resources-${CONFIGURATION}-output-files.xcfilelist",
			);
			runOnlyForDeploymentPostprocessing = 0;
			shellPath = /bin/sh;
			shellScript = "\"${PODS_ROOT}/Target Support Files/Pods-Chatting-ChattingUITests/Pods-Chatting-ChattingUITests-resources.sh\"\n";
			showEnvVarsInLog = 0;
		};
		E528A070E73B59FE4B009DBF /* [CP] Embed Pods Frameworks */ = {
			isa = PBXShellScriptBuildPhase;
			buildActionMask = 2147483647;
			files = (
			);
			inputFileListPaths = (
				"${PODS_ROOT}/Target Support Files/Pods-Chatting-ChattingUITests/Pods-Chatting-ChattingUITests-frameworks-${CONFIGURATION}-input-files.xcfilelist",
			);
			name = "[CP] Embed Pods Frameworks";
			outputFileListPaths = (
				"${PODS_ROOT}/Target Support Files/Pods-Chatting-ChattingUITests/Pods-Chatting-ChattingUITests-frameworks-${CONFIGURATION}-output-files.xcfilelist",
			);
			runOnlyForDeploymentPostprocessing = 0;
			shellPath = /bin/sh;
			shellScript = "\"${PODS_ROOT}/Target Support Files/Pods-Chatting-ChattingUITests/Pods-Chatting-ChattingUITests-frameworks.sh\"\n";
			showEnvVarsInLog = 0;
		};
/* End PBXShellScriptBuildPhase section */

/* Begin PBXSourcesBuildPhase section */
		25A1216C2D59E62D00668A54 /* Sources */ = {
			isa = PBXSourcesBuildPhase;
			buildActionMask = 2147483647;
			files = (
			);
			runOnlyForDeploymentPostprocessing = 0;
		};
		25A121822D59E62E00668A54 /* Sources */ = {
			isa = PBXSourcesBuildPhase;
			buildActionMask = 2147483647;
			files = (
			);
			runOnlyForDeploymentPostprocessing = 0;
		};
		25A1218C2D59E62E00668A54 /* Sources */ = {
			isa = PBXSourcesBuildPhase;
			buildActionMask = 2147483647;
			files = (
			);
			runOnlyForDeploymentPostprocessing = 0;
		};
/* End PBXSourcesBuildPhase section */

/* Begin PBXTargetDependency section */
		25A121882D59E62E00668A54 /* PBXTargetDependency */ = {
			isa = PBXTargetDependency;
			target = 25A1216F2D59E62D00668A54 /* Chatting */;
			targetProxy = 25A121872D59E62E00668A54 /* PBXContainerItemProxy */;
		};
		25A121922D59E62E00668A54 /* PBXTargetDependency */ = {
			isa = PBXTargetDependency;
			target = 25A1216F2D59E62D00668A54 /* Chatting */;
			targetProxy = 25A121912D59E62E00668A54 /* PBXContainerItemProxy */;
		};
/* End PBXTargetDependency section */

/* Begin XCBuildConfiguration section */
		25A1219A2D59E62E00668A54 /* Debug */ = {
			isa = XCBuildConfiguration;
			baseConfigurationReference = A3DAF2AB2355B512ABBCB243 /* Pods-Chatting.debug.xcconfig */;
			buildSettings = {
				ASSETCATALOG_COMPILER_APPICON_NAME = AppIcon;
				ASSETCATALOG_COMPILER_GLOBAL_ACCENT_COLOR_NAME = AccentColor;
				CODE_SIGN_ENTITLEMENTS = Chatting/Chatting.entitlements;
				CODE_SIGN_STYLE = Automatic;
				CURRENT_PROJECT_VERSION = 2;
				DEVELOPMENT_TEAM = G7S8646J3M;
				ENABLE_USER_SCRIPT_SANDBOXING = NO;
				GENERATE_INFOPLIST_FILE = YES;
				INFOPLIST_FILE = Chatting/Info.plist;
				INFOPLIST_KEY_UIApplicationSupportsIndirectInputEvents = YES;
				INFOPLIST_KEY_UILaunchStoryboardName = LaunchScreen;
				INFOPLIST_KEY_UIMainStoryboardFile = Main;
				INFOPLIST_KEY_UISupportedInterfaceOrientations_iPad = "UIInterfaceOrientationPortrait UIInterfaceOrientationPortraitUpsideDown UIInterfaceOrientationLandscapeLeft UIInterfaceOrientationLandscapeRight";
				INFOPLIST_KEY_UISupportedInterfaceOrientations_iPhone = "UIInterfaceOrientationPortrait UIInterfaceOrientationLandscapeLeft UIInterfaceOrientationLandscapeRight";
				LD_RUNPATH_SEARCH_PATHS = (
					"$(inherited)",
					"@executable_path/Frameworks",
				);
				MARKETING_VERSION = 1.0.1;
				PRODUCT_BUNDLE_IDENTIFIER = edu.Chatting;
				PRODUCT_NAME = "$(TARGET_NAME)";
				SWIFT_EMIT_LOC_STRINGS = YES;
				SWIFT_VERSION = 5.0;
				TARGETED_DEVICE_FAMILY = "1,2";
			};
			name = Debug;
		};
		25A1219B2D59E62E00668A54 /* Release */ = {
			isa = XCBuildConfiguration;
			baseConfigurationReference = C7900C22390D8500B61A8AED /* Pods-Chatting.release.xcconfig */;
			buildSettings = {
				ASSETCATALOG_COMPILER_APPICON_NAME = AppIcon;
				ASSETCATALOG_COMPILER_GLOBAL_ACCENT_COLOR_NAME = AccentColor;
				CODE_SIGN_ENTITLEMENTS = Chatting/Chatting.entitlements;
				CODE_SIGN_STYLE = Automatic;
				CURRENT_PROJECT_VERSION = 2;
				DEVELOPMENT_TEAM = G7S8646J3M;
				ENABLE_USER_SCRIPT_SANDBOXING = NO;
				GENERATE_INFOPLIST_FILE = YES;
				INFOPLIST_FILE = Chatting/Info.plist;
				INFOPLIST_KEY_UIApplicationSupportsIndirectInputEvents = YES;
				INFOPLIST_KEY_UILaunchStoryboardName = LaunchScreen;
				INFOPLIST_KEY_UIMainStoryboardFile = Main;
				INFOPLIST_KEY_UISupportedInterfaceOrientations_iPad = "UIInterfaceOrientationPortrait UIInterfaceOrientationPortraitUpsideDown UIInterfaceOrientationLandscapeLeft UIInterfaceOrientationLandscapeRight";
				INFOPLIST_KEY_UISupportedInterfaceOrientations_iPhone = "UIInterfaceOrientationPortrait UIInterfaceOrientationLandscapeLeft UIInterfaceOrientationLandscapeRight";
				LD_RUNPATH_SEARCH_PATHS = (
					"$(inherited)",
					"@executable_path/Frameworks",
				);
				MARKETING_VERSION = 1.0.1;
				PRODUCT_BUNDLE_IDENTIFIER = edu.Chatting;
				PRODUCT_NAME = "$(TARGET_NAME)";
				SWIFT_EMIT_LOC_STRINGS = YES;
				SWIFT_VERSION = 5.0;
				TARGETED_DEVICE_FAMILY = "1,2";
			};
			name = Release;
		};
		25A1219C2D59E62E00668A54 /* Debug */ = {
			isa = XCBuildConfiguration;
			buildSettings = {
				ALWAYS_SEARCH_USER_PATHS = NO;
				ASSETCATALOG_COMPILER_GENERATE_SWIFT_ASSET_SYMBOL_EXTENSIONS = YES;
				CLANG_ANALYZER_NONNULL = YES;
				CLANG_ANALYZER_NUMBER_OBJECT_CONVERSION = YES_AGGRESSIVE;
				CLANG_CXX_LANGUAGE_STANDARD = "gnu++20";
				CLANG_ENABLE_MODULES = YES;
				CLANG_ENABLE_OBJC_ARC = YES;
				CLANG_ENABLE_OBJC_WEAK = YES;
				CLANG_WARN_BLOCK_CAPTURE_AUTORELEASING = YES;
				CLANG_WARN_BOOL_CONVERSION = YES;
				CLANG_WARN_COMMA = YES;
				CLANG_WARN_CONSTANT_CONVERSION = YES;
				CLANG_WARN_DEPRECATED_OBJC_IMPLEMENTATIONS = YES;
				CLANG_WARN_DIRECT_OBJC_ISA_USAGE = YES_ERROR;
				CLANG_WARN_DOCUMENTATION_COMMENTS = YES;
				CLANG_WARN_EMPTY_BODY = YES;
				CLANG_WARN_ENUM_CONVERSION = YES;
				CLANG_WARN_INFINITE_RECURSION = YES;
				CLANG_WARN_INT_CONVERSION = YES;
				CLANG_WARN_NON_LITERAL_NULL_CONVERSION = YES;
				CLANG_WARN_OBJC_IMPLICIT_RETAIN_SELF = YES;
				CLANG_WARN_OBJC_LITERAL_CONVERSION = YES;
				CLANG_WARN_OBJC_ROOT_CLASS = YES_ERROR;
				CLANG_WARN_QUOTED_INCLUDE_IN_FRAMEWORK_HEADER = YES;
				CLANG_WARN_RANGE_LOOP_ANALYSIS = YES;
				CLANG_WARN_STRICT_PROTOTYPES = YES;
				CLANG_WARN_SUSPICIOUS_MOVE = YES;
				CLANG_WARN_UNGUARDED_AVAILABILITY = YES_AGGRESSIVE;
				CLANG_WARN_UNREACHABLE_CODE = YES;
				CLANG_WARN__DUPLICATE_METHOD_MATCH = YES;
				COPY_PHASE_STRIP = NO;
				DEBUG_INFORMATION_FORMAT = dwarf;
				ENABLE_STRICT_OBJC_MSGSEND = YES;
				ENABLE_TESTABILITY = YES;
				ENABLE_USER_SCRIPT_SANDBOXING = YES;
				GCC_C_LANGUAGE_STANDARD = gnu17;
				GCC_DYNAMIC_NO_PIC = NO;
				GCC_NO_COMMON_BLOCKS = YES;
				GCC_OPTIMIZATION_LEVEL = 0;
				GCC_PREPROCESSOR_DEFINITIONS = (
					"DEBUG=1",
					"$(inherited)",
				);
				GCC_WARN_64_TO_32_BIT_CONVERSION = YES;
				GCC_WARN_ABOUT_RETURN_TYPE = YES_ERROR;
				GCC_WARN_UNDECLARED_SELECTOR = YES;
				GCC_WARN_UNINITIALIZED_AUTOS = YES_AGGRESSIVE;
				GCC_WARN_UNUSED_FUNCTION = YES;
				GCC_WARN_UNUSED_VARIABLE = YES;
				IPHONEOS_DEPLOYMENT_TARGET = 18.2;
				LOCALIZATION_PREFERS_STRING_CATALOGS = YES;
				MTL_ENABLE_DEBUG_INFO = INCLUDE_SOURCE;
				MTL_FAST_MATH = YES;
				ONLY_ACTIVE_ARCH = YES;
				SDKROOT = iphoneos;
				SWIFT_ACTIVE_COMPILATION_CONDITIONS = "DEBUG $(inherited)";
				SWIFT_OPTIMIZATION_LEVEL = "-Onone";
			};
			name = Debug;
		};
		25A1219D2D59E62E00668A54 /* Release */ = {
			isa = XCBuildConfiguration;
			buildSettings = {
				ALWAYS_SEARCH_USER_PATHS = NO;
				ASSETCATALOG_COMPILER_GENERATE_SWIFT_ASSET_SYMBOL_EXTENSIONS = YES;
				CLANG_ANALYZER_NONNULL = YES;
				CLANG_ANALYZER_NUMBER_OBJECT_CONVERSION = YES_AGGRESSIVE;
				CLANG_CXX_LANGUAGE_STANDARD = "gnu++20";
				CLANG_ENABLE_MODULES = YES;
				CLANG_ENABLE_OBJC_ARC = YES;
				CLANG_ENABLE_OBJC_WEAK = YES;
				CLANG_WARN_BLOCK_CAPTURE_AUTORELEASING = YES;
				CLANG_WARN_BOOL_CONVERSION = YES;
				CLANG_WARN_COMMA = YES;
				CLANG_WARN_CONSTANT_CONVERSION = YES;
				CLANG_WARN_DEPRECATED_OBJC_IMPLEMENTATIONS = YES;
				CLANG_WARN_DIRECT_OBJC_ISA_USAGE = YES_ERROR;
				CLANG_WARN_DOCUMENTATION_COMMENTS = YES;
				CLANG_WARN_EMPTY_BODY = YES;
				CLANG_WARN_ENUM_CONVERSION = YES;
				CLANG_WARN_INFINITE_RECURSION = YES;
				CLANG_WARN_INT_CONVERSION = YES;
				CLANG_WARN_NON_LITERAL_NULL_CONVERSION = YES;
				CLANG_WARN_OBJC_IMPLICIT_RETAIN_SELF = YES;
				CLANG_WARN_OBJC_LITERAL_CONVERSION = YES;
				CLANG_WARN_OBJC_ROOT_CLASS = YES_ERROR;
				CLANG_WARN_QUOTED_INCLUDE_IN_FRAMEWORK_HEADER = YES;
				CLANG_WARN_RANGE_LOOP_ANALYSIS = YES;
				CLANG_WARN_STRICT_PROTOTYPES = YES;
				CLANG_WARN_SUSPICIOUS_MOVE = YES;
				CLANG_WARN_UNGUARDED_AVAILABILITY = YES_AGGRESSIVE;
				CLANG_WARN_UNREACHABLE_CODE = YES;
				CLANG_WARN__DUPLICATE_METHOD_MATCH = YES;
				COPY_PHASE_STRIP = NO;
				DEBUG_INFORMATION_FORMAT = "dwarf-with-dsym";
				ENABLE_NS_ASSERTIONS = NO;
				ENABLE_STRICT_OBJC_MSGSEND = YES;
				ENABLE_USER_SCRIPT_SANDBOXING = YES;
				GCC_C_LANGUAGE_STANDARD = gnu17;
				GCC_NO_COMMON_BLOCKS = YES;
				GCC_WARN_64_TO_32_BIT_CONVERSION = YES;
				GCC_WARN_ABOUT_RETURN_TYPE = YES_ERROR;
				GCC_WARN_UNDECLARED_SELECTOR = YES;
				GCC_WARN_UNINITIALIZED_AUTOS = YES_AGGRESSIVE;
				GCC_WARN_UNUSED_FUNCTION = YES;
				GCC_WARN_UNUSED_VARIABLE = YES;
				IPHONEOS_DEPLOYMENT_TARGET = 18.2;
				LOCALIZATION_PREFERS_STRING_CATALOGS = YES;
				MTL_ENABLE_DEBUG_INFO = NO;
				MTL_FAST_MATH = YES;
				SDKROOT = iphoneos;
				SWIFT_COMPILATION_MODE = wholemodule;
				VALIDATE_PRODUCT = YES;
			};
			name = Release;
		};
		25A1219F2D59E62E00668A54 /* Debug */ = {
			isa = XCBuildConfiguration;
			baseConfigurationReference = 9B568AE08ABF0BB2E341A824 /* Pods-ChattingTests.debug.xcconfig */;
			buildSettings = {
				BUNDLE_LOADER = "$(TEST_HOST)";
				CODE_SIGN_STYLE = Automatic;
				CURRENT_PROJECT_VERSION = 1;
				DEVELOPMENT_TEAM = 289G429944;
				GENERATE_INFOPLIST_FILE = YES;
				IPHONEOS_DEPLOYMENT_TARGET = 18.2;
				MARKETING_VERSION = 1.0;
				PRODUCT_BUNDLE_IDENTIFIER = edu.ChattingTests;
				PRODUCT_NAME = "$(TARGET_NAME)";
				SWIFT_EMIT_LOC_STRINGS = NO;
				SWIFT_VERSION = 5.0;
				TARGETED_DEVICE_FAMILY = "1,2";
				TEST_HOST = "$(BUILT_PRODUCTS_DIR)/Chatting.app/$(BUNDLE_EXECUTABLE_FOLDER_PATH)/Chatting";
			};
			name = Debug;
		};
		25A121A02D59E62E00668A54 /* Release */ = {
			isa = XCBuildConfiguration;
			baseConfigurationReference = F4DE1EE3AAF33D071F673957 /* Pods-ChattingTests.release.xcconfig */;
			buildSettings = {
				BUNDLE_LOADER = "$(TEST_HOST)";
				CODE_SIGN_STYLE = Automatic;
				CURRENT_PROJECT_VERSION = 1;
				DEVELOPMENT_TEAM = 289G429944;
				GENERATE_INFOPLIST_FILE = YES;
				IPHONEOS_DEPLOYMENT_TARGET = 18.2;
				MARKETING_VERSION = 1.0;
				PRODUCT_BUNDLE_IDENTIFIER = edu.ChattingTests;
				PRODUCT_NAME = "$(TARGET_NAME)";
				SWIFT_EMIT_LOC_STRINGS = NO;
				SWIFT_VERSION = 5.0;
				TARGETED_DEVICE_FAMILY = "1,2";
				TEST_HOST = "$(BUILT_PRODUCTS_DIR)/Chatting.app/$(BUNDLE_EXECUTABLE_FOLDER_PATH)/Chatting";
			};
			name = Release;
		};
		25A121A22D59E62E00668A54 /* Debug */ = {
			isa = XCBuildConfiguration;
			baseConfigurationReference = 1F281252508C035514FBCA79 /* Pods-Chatting-ChattingUITests.debug.xcconfig */;
			buildSettings = {
				CODE_SIGN_STYLE = Automatic;
				CURRENT_PROJECT_VERSION = 1;
				DEVELOPMENT_TEAM = 289G429944;
				GENERATE_INFOPLIST_FILE = YES;
				MARKETING_VERSION = 1.0;
				PRODUCT_BUNDLE_IDENTIFIER = edu.ChattingUITests;
				PRODUCT_NAME = "$(TARGET_NAME)";
				SWIFT_EMIT_LOC_STRINGS = NO;
				SWIFT_VERSION = 5.0;
				TARGETED_DEVICE_FAMILY = "1,2";
				TEST_TARGET_NAME = Chatting;
			};
			name = Debug;
		};
		25A121A32D59E62E00668A54 /* Release */ = {
			isa = XCBuildConfiguration;
			baseConfigurationReference = D44F60045995D53E495C5440 /* Pods-Chatting-ChattingUITests.release.xcconfig */;
			buildSettings = {
				CODE_SIGN_STYLE = Automatic;
				CURRENT_PROJECT_VERSION = 1;
				DEVELOPMENT_TEAM = 289G429944;
				GENERATE_INFOPLIST_FILE = YES;
				MARKETING_VERSION = 1.0;
				PRODUCT_BUNDLE_IDENTIFIER = edu.ChattingUITests;
				PRODUCT_NAME = "$(TARGET_NAME)";
				SWIFT_EMIT_LOC_STRINGS = NO;
				SWIFT_VERSION = 5.0;
				TARGETED_DEVICE_FAMILY = "1,2";
				TEST_TARGET_NAME = Chatting;
			};
			name = Release;
		};
/* End XCBuildConfiguration section */

/* Begin XCConfigurationList section */
		25A1216B2D59E62D00668A54 /* Build configuration list for PBXProject "Chatting" */ = {
			isa = XCConfigurationList;
			buildConfigurations = (
				25A1219C2D59E62E00668A54 /* Debug */,
				25A1219D2D59E62E00668A54 /* Release */,
			);
			defaultConfigurationIsVisible = 0;
			defaultConfigurationName = Release;
		};
		25A121992D59E62E00668A54 /* Build configuration list for PBXNativeTarget "Chatting" */ = {
			isa = XCConfigurationList;
			buildConfigurations = (
				25A1219A2D59E62E00668A54 /* Debug */,
				25A1219B2D59E62E00668A54 /* Release */,
			);
			defaultConfigurationIsVisible = 0;
			defaultConfigurationName = Release;
		};
		25A1219E2D59E62E00668A54 /* Build configuration list for PBXNativeTarget "ChattingTests" */ = {
			isa = XCConfigurationList;
			buildConfigurations = (
				25A1219F2D59E62E00668A54 /* Debug */,
				25A121A02D59E62E00668A54 /* Release */,
			);
			defaultConfigurationIsVisible = 0;
			defaultConfigurationName = Release;
		};
		25A121A12D59E62E00668A54 /* Build configuration list for PBXNativeTarget "ChattingUITests" */ = {
			isa = XCConfigurationList;
			buildConfigurations = (
				25A121A22D59E62E00668A54 /* Debug */,
				25A121A32D59E62E00668A54 /* Release */,
			);
			defaultConfigurationIsVisible = 0;
			defaultConfigurationName = Release;
		};
/* End XCConfigurationList section */
	};
	rootObject = 25A121682D59E62D00668A54 /* Project object */;
}
